# THIS IS AN AUTOGENERATED FILE. DO NOT EDIT THIS FILE DIRECTLY.
# yarn lockfile v1


"@prisma/debug@3.9.2":
  version "3.9.2"
  resolved "https://registry.yarnpkg.com/@prisma/debug/-/debug-3.9.2.tgz#803e97da04c606e16467daf2b43a17be97204511"
  integrity sha512-zi+GYWvhhXXxXffRAaHK0cJO3/nR44kp85+x7OH8YxV6Q7PvSfIhhUClgbbD8x9YaZI/lle0RvN2OC2DN4JV+A==
  dependencies:
    "@types/debug" "4.1.7"
    ms "2.1.3"
    strip-ansi "6.0.1"

"@prisma/get-platform@3.11.0-2.c549d63a33078062a5e6bc2336f000946f8de389":
  version "3.11.0-2.c549d63a33078062a5e6bc2336f000946f8de389"
  resolved "https://registry.yarnpkg.com/@prisma/get-platform/-/get-platform-3.11.0-2.c549d63a33078062a5e6bc2336f000946f8de389.tgz#2e8caa5af829b213e7c524d5840d35fba39bc69f"
  integrity sha512-x5n/+nxyUQobLb7hNXQmfhY9WfvitYmkkvyJDdb69oUYcNonOwPIxHTqRh2agvFSbftj7bKdEJb4loSQdHaDgw==
  dependencies:
    "@prisma/debug" "3.9.2"

"@types/debug@4.1.7":
  version "4.1.7"
  resolved "https://registry.yarnpkg.com/@types/debug/-/debug-4.1.7.tgz#7cc0ea761509124709b8b2d1090d8f6c17aadb82"
  integrity sha512-9AonUzyTjXXhEOa0DnqpzZi6VHlqKMswga9EXjpXnnqxwLtdvPPtlO8evrI5D9S6asFRCQ6v+wpiUKbw+vKqyg==
  dependencies:
    "@types/ms" "*"

"@types/ms@*":
  version "0.7.31"
  resolved "https://registry.yarnpkg.com/@types/ms/-/ms-0.7.31.tgz#31b7ca6407128a3d2bbc27fe2d21b345397f6197"
  integrity sha512-iiUgKzV9AuaEkZqkOLDIvlQiL6ltuZd9tGcW3gwpnX8JbuiuhFlEGmmFXEXkN50Cvq7Os88IY2v0dkDqXYWVgA==

ansi-regex@^5.0.1:
  version "5.0.1"
  resolved "https://registry.yarnpkg.com/ansi-regex/-/ansi-regex-5.0.1.tgz#082cb2c89c9fe8659a311a53bd6a4dc5301db304"
  integrity sha512-quJQXlTSUGL2LH9SUXo8VwsY4soanhgo6LNSm84E1LBcE8s3O0wpdiRzyR9z/ZZJMlMWv37qOOb9pdJlMUEKFQ==

ms@2.1.3:
  version "2.1.3"
  resolved "https://registry.yarnpkg.com/ms/-/ms-2.1.3.tgz#574c8138ce1d2b5861f0b44579dbadd60c6615b2"
  integrity sha512-6FlzubTLZG3J2a/NVCAleEhjzq5oxgHyaCU9yYXvcLsvoVaHJq/s5xXI6/XXP6tz7R9xAOtHnSO/tXtF3WRTlA==

strip-ansi@6.0.1:
  version "6.0.1"
  resolved "https://registry.yarnpkg.com/strip-ansi/-/strip-ansi-6.0.1.tgz#9e26c63d30f53443e9489495b2105d37b67a85d9"
  integrity sha512-Y38VPSHcqkFrCpFnQ9vuSXmquuv5oXOKpGeT6aGrr3o3Gc9AlVa6JBfUSOCnbxGGZF+/0ooI7KrPuUSztUdU5A==
  dependencies:
    ansi-regex "^5.0.1"
